
Microsoft Visual Studio Solution File, Format Version 12.00
# Visual Studio Version 17
VisualStudioVersion = 17.1.32421.90
MinimumVisualStudioVersion = 10.0.40219.1
Project("{9A19103F-16F7-4668-BE54-9A1E7A4F7556}") = "Entity", "Entity\Entity.csproj", "{8147380E-15C0-448D-A725-CCF72CAEA5B0}"
EndProject
Project("{9A19103F-16F7-4668-BE54-9A1E7A4F7556}") = "Core", "Core\Core.csproj", "{6682EA86-B66D-46B5-B3E9-8887AA496612}"
EndProject
Project("{9A19103F-16F7-4668-BE54-9A1E7A4F7556}") = "DataAccess", "DataAccess\DataAccess.csproj", "{ADE7935F-57B7-43CA-809A-17099F6E10F8}"
EndProject
Project("{9A19103F-16F7-4668-BE54-9A1E7A4F7556}") = "Busines", "Busines\Busines.csproj", "{A9E0D954-B41E-40C1-984B-E4C5CDE099FA}"
EndProject
Project("{9A19103F-16F7-4668-BE54-9A1E7A4F7556}") = "ConsoleUI", "ConsoleUI\ConsoleUI.csproj", "{C35CEE93-7AAF-4CB5-8FE9-EE0185DBE27D}"
EndProject
Project("{FAE04EC0-301F-11D3-BF4B-00C04F79EFBC}") = "WebAPI", "WebAPI\WebAPI.csproj", "{B2E62631-C2E3-4FAA-B09B-93159C210DA5}"
EndProject
Global
	GlobalSection(SolutionConfigurationPlatforms) = preSolution
		Debug|Any CPU = Debug|Any CPU
		Release|Any CPU = Release|Any CPU
	EndGlobalSection
	GlobalSection(ProjectConfigurationPlatforms) = postSolution
		{8147380E-15C0-448D-A725-CCF72CAEA5B0}.Debug|Any CPU.ActiveCfg = Debug|Any CPU
		{8147380E-15C0-448D-A725-CCF72CAEA5B0}.Debug|Any CPU.Build.0 = Debug|Any CPU
		{8147380E-15C0-448D-A725-CCF72CAEA5B0}.Release|Any CPU.ActiveCfg = Release|Any CPU
		{8147380E-15C0-448D-A725-CCF72CAEA5B0}.Release|Any CPU.Build.0 = Release|Any CPU
		{6682EA86-B66D-46B5-B3E9-8887AA496612}.Debug|Any CPU.ActiveCfg = Debug|Any CPU
		{6682EA86-B66D-46B5-B3E9-8887AA496612}.Debug|Any CPU.Build.0 = Debug|Any CPU
		{6682EA86-B66D-46B5-B3E9-8887AA496612}.Release|Any CPU.ActiveCfg = Release|Any CPU
		{6682EA86-B66D-46B5-B3E9-8887AA496612}.Release|Any CPU.Build.0 = Release|Any CPU
		{ADE7935F-57B7-43CA-809A-17099F6E10F8}.Debug|Any CPU.ActiveCfg = Debug|Any CPU
		{ADE7935F-57B7-43CA-809A-17099F6E10F8}.Debug|Any CPU.Build.0 = Debug|Any CPU
		{ADE7935F-57B7-43CA-809A-17099F6E10F8}.Release|Any CPU.ActiveCfg = Release|Any CPU
		{ADE7935F-57B7-43CA-809A-17099F6E10F8}.Release|Any CPU.Build.0 = Release|Any CPU
		{A9E0D954-B41E-40C1-984B-E4C5CDE099FA}.Debug|Any CPU.ActiveCfg = Debug|Any CPU
		{A9E0D954-B41E-40C1-984B-E4C5CDE099FA}.Debug|Any CPU.Build.0 = Debug|Any CPU
		{A9E0D954-B41E-40C1-984B-E4C5CDE099FA}.Release|Any CPU.ActiveCfg = Release|Any CPU
		{A9E0D954-B41E-40C1-984B-E4C5CDE099FA}.Release|Any CPU.Build.0 = Release|Any CPU
		{C35CEE93-7AAF-4CB5-8FE9-EE0185DBE27D}.Debug|Any CPU.ActiveCfg = Debug|Any CPU
		{C35CEE93-7AAF-4CB5-8FE9-EE0185DBE27D}.Debug|Any CPU.Build.0 = Debug|Any CPU
		{C35CEE93-7AAF-4CB5-8FE9-EE0185DBE27D}.Release|Any CPU.ActiveCfg = Release|Any CPU
		{C35CEE93-7AAF-4CB5-8FE9-EE0185DBE27D}.Release|Any CPU.Build.0 = Release|Any CPU
		{B2E62631-C2E3-4FAA-B09B-93159C210DA5}.Debug|Any CPU.ActiveCfg = Debug|Any CPU
		{B2E62631-C2E3-4FAA-B09B-93159C210DA5}.Debug|Any CPU.Build.0 = Debug|Any CPU
		{B2E62631-C2E3-4FAA-B09B-93159C210DA5}.Release|Any CPU.ActiveCfg = Release|Any CPU
		{B2E62631-C2E3-4FAA-B09B-93159C210DA5}.Release|Any CPU.Build.0 = Release|Any CPU
	EndGlobalSection
	GlobalSection(SolutionProperties) = preSolution
		HideSolutionNode = FALSE
	EndGlobalSection
	GlobalSection(ExtensibilityGlobals) = postSolution
		SolutionGuid = {386276E9-2159-4C76-897C-CDADC85931A9}
	EndGlobalSection
EndGlobal
